dependencies:
  espressif/esp-zboss-lib:
    component_hash: 321883d142421f65009972408287441794250057668a11abbdfd8bec77c3309a
    dependencies:
    - name: idf
      require: private
      version: '>=5.0'
    source:
      registry_url: https://components.espressif.com/
      type: service
    version: 1.6.4
  espressif/esp-zigbee-lib:
    component_hash: fa0812e6743e2a7d999af9f44ccdcea17ccb1e80f98d6b2956f44687503a88fd
    dependencies:
    - name: idf
      require: private
      version: '>=5.0'
    source:
      registry_url: https://components.espressif.com/
      type: service
    version: 1.6.8
  espressif/mdns:
    component_hash: 8bcf12e37c58c1d584aef32a02b92548124c7a3a9fcf548d3235c844a035e0f0
    dependencies:
    - name: idf
      require: private
      version: '>=5.0'
    source:
      registry_url: https://components.espressif.com/
      type: service
    version: 1.11.1
  idf:
    source:
      type: idf
    version: 5.5.4
direct_dependencies:
- espressif/esp-zboss-lib
- espressif/esp-zigbee-lib
- espressif/mdns
- idf
manifest_hash: 0699f1d96b289af166b1ca5bfba0feaa2bf5a1ce32b51d5d48b83f063064621a
target: esp32c5
version: 2.0.0
